github.com/creack/pty v1.1.9/go.mod h1:oKZEueFk5CKHvIhNR5MUki03XCEU+Q6VDXinZuGJ33E=
github.com/iwind/TeaGo v0.0.0-20220807030847-31de8e1cbe55 h1:shQNx0flJFBwKsGE7Hs3bI2bDz+YF0zl/4qE8B2KRiY=
github.com/iwind/TeaGo v0.0.0-20220807030847-31de8e1cbe55/go.mod h1:fi/Pq+/5m2HZoseM+39dMF57ANXRt6w4PkGu3NXPc5s=
github.com/iwind/gosock v0.0.0-20220505115348-f88412125a62 h1:HJH6RDheAY156DnIfJSD/bEvqyXzsZuE2gzs8PuUjoo=
github.com/iwind/gosock v0.0.0-20220505115348-f88412125a62/go.mod h1:H5Q7SXwbx3a97ecJkaS2sD77gspzE7HFUafBO0peEyA=
github.com/kr/pretty v0.1.0 h1:L/CwN0zerZDmRFUapSPitk6f+Q3+0za1rQkzVuMiMFI=
github.com/kr/text v0.2.0 h1:5Nx0Ya0ZqY2ygV366QzturHI13Jq95ApcVaJBhpS+AY=
github.com/kr/text v0.2.0/go.mod h1:eLer722TekiGuMkidMxC/pM04lWEeraHUUmBw8l2grE=
gopkg.in/check.v1 v0.0.0-20161208181325-20d25e280405/go.mod h1:Co6ibVJAznAaIkqp8huTwlJQCZ016jof/cbN4VW5Yz0=
gopkg.in/check.v1 v1.0.0-20190902080502-41f04d3bba15 h1:YR8cESwS4TdDjEe65xsg0ogRM/Nc3DYOhEAlW+xobZo=
gopkg.in/yaml.v3 v3.0.0-20210107192922-496545a6307b h1:h8qDotaEPuJATrMmW04NCwg7v22aHH28wwpauUhK9Oo=
gopkg.in/yaml.v3 v3.0.0-20210107192922-496545a6307b/go.mod h1:K4uyk7z7BCEPqu6E+C64Yfv1cQ7kz7rIZviUmN+EgEM=
